
Microsoft Visual Studio Solution File, Format Version 12.00
# Visual Studio Version 17
VisualStudioVersion = 17.8.34525.116
MinimumVisualStudioVersion = 10.0.40219.1
Project("{FAE04EC0-301F-11D3-BF4B-00C04F79EFBC}") = "LogisticsShipmentTrackingSystemWebApi", "LogisticsShipmentTrackingSystemWebApi\LogisticsShipmentTrackingSystemWebApi.csproj", "{2A0591F9-CE9B-4D5B-9BDD-8ADD5432E442}"
EndProject
Project("{FAE04EC0-301F-11D3-BF4B-00C04F79EFBC}") = "Application", "Application\Application.csproj", "{3AB72BBA-F727-4264-A36A-42B397DD3CBD}"
EndProject
Project("{FAE04EC0-301F-11D3-BF4B-00C04F79EFBC}") = "Domain", "Domain\Domain.csproj", "{1613871C-E75C-48FC-9DB7-54BB99892957}"
EndProject
Project("{FAE04EC0-301F-11D3-BF4B-00C04F79EFBC}") = "DataBase", "DataBase\DataBase.csproj", "{3630E6B5-8612-4BE9-A99D-DFA70526E28E}"
EndProject
Global
	GlobalSection(SolutionConfigurationPlatforms) = preSolution
		Debug|Any CPU = Debug|Any CPU
		Release|Any CPU = Release|Any CPU
	EndGlobalSection
	GlobalSection(ProjectConfigurationPlatforms) = postSolution
		{2A0591F9-CE9B-4D5B-9BDD-8ADD5432E442}.Debug|Any CPU.ActiveCfg = Debug|Any CPU
		{2A0591F9-CE9B-4D5B-9BDD-8ADD5432E442}.Debug|Any CPU.Build.0 = Debug|Any CPU
		{2A0591F9-CE9B-4D5B-9BDD-8ADD5432E442}.Release|Any CPU.ActiveCfg = Release|Any CPU
		{2A0591F9-CE9B-4D5B-9BDD-8ADD5432E442}.Release|Any CPU.Build.0 = Release|Any CPU
		{3AB72BBA-F727-4264-A36A-42B397DD3CBD}.Debug|Any CPU.ActiveCfg = Debug|Any CPU
		{3AB72BBA-F727-4264-A36A-42B397DD3CBD}.Debug|Any CPU.Build.0 = Debug|Any CPU
		{3AB72BBA-F727-4264-A36A-42B397DD3CBD}.Release|Any CPU.ActiveCfg = Release|Any CPU
		{3AB72BBA-F727-4264-A36A-42B397DD3CBD}.Release|Any CPU.Build.0 = Release|Any CPU
		{1613871C-E75C-48FC-9DB7-54BB99892957}.Debug|Any CPU.ActiveCfg = Debug|Any CPU
		{1613871C-E75C-48FC-9DB7-54BB99892957}.Debug|Any CPU.Build.0 = Debug|Any CPU
		{1613871C-E75C-48FC-9DB7-54BB99892957}.Release|Any CPU.ActiveCfg = Release|Any CPU
		{1613871C-E75C-48FC-9DB7-54BB99892957}.Release|Any CPU.Build.0 = Release|Any CPU
		{3630E6B5-8612-4BE9-A99D-DFA70526E28E}.Debug|Any CPU.ActiveCfg = Debug|Any CPU
		{3630E6B5-8612-4BE9-A99D-DFA70526E28E}.Debug|Any CPU.Build.0 = Debug|Any CPU
		{3630E6B5-8612-4BE9-A99D-DFA70526E28E}.Release|Any CPU.ActiveCfg = Release|Any CPU
		{3630E6B5-8612-4BE9-A99D-DFA70526E28E}.Release|Any CPU.Build.0 = Release|Any CPU
	EndGlobalSection
	GlobalSection(SolutionProperties) = preSolution
		HideSolutionNode = FALSE
	EndGlobalSection
	GlobalSection(ExtensibilityGlobals) = postSolution
		SolutionGuid = {D5F603AD-6CE9-4C00-A1B8-1B817635DBE1}
	EndGlobalSection
EndGlobal
